// !$*UTF8*$!
{
	archiveVersion = 1;
	classes = {
	};
	objectVersion = 50;
	objects = {

/* Begin PBXBuildFile section */
		CC83AB2821A37A1800872352 /* AppDelegate.swift in Sources */ = {isa = PBXBuildFile; fileRef = CC83AB2721A37A1800872352 /* AppDelegate.swift */; };
		CC83AB2A21A37A1800872352 /* ViewController.swift in Sources */ = {isa = PBXBuildFile; fileRef = CC83AB2921A37A1800872352 /* ViewController.swift */; };
		CC83AB2D21A37A1800872352 /* Main.storyboard in Resources */ = {isa = PBXBuildFile; fileRef = CC83AB2B21A37A1800872352 /* Main.storyboard */; };
		CC83AB3221A37A1900872352 /* Assets.xcassets in Resources */ = {isa = PBXBuildFile; fileRef = CC83AB3121A37A1900872352 /* Assets.xcassets */; };
		CC83AB3521A37A1900872352 /* LaunchScreen.storyboard in Resources */ = {isa = PBXBuildFile; fileRef = CC83AB3321A37A1900872352 /* LaunchScreen.storyboard */; };
		CC899ADD22191D17009FE03C /* Breadcrumb.swift in Sources */ = {isa = PBXBuildFile; fileRef = CC899ADC22191D17009FE03C /* Breadcrumb.swift */; };
		CC899AE0221928B0009FE03C /* BreadcrumbRenderer.swift in Sources */ = {isa = PBXBuildFile; fileRef = CC899ADF221928B0009FE03C /* BreadcrumbRenderer.swift */; };
/* End PBXBuildFile section */

/* Begin PBXFileReference section */
		CC83AB2421A37A1800872352 /* Markup-Maps.app */ = {isa = PBXFileReference; explicitFileType = wrapper.application; includeInIndex = 0; path = "Markup-Maps.app"; sourceTree = BUILT_PRODUCTS_DIR; };
		CC83AB2721A37A1800872352 /* AppDelegate.swift */ = {isa = PBXFileReference; lastKnownFileType = sourcecode.swift; path = AppDelegate.swift; sourceTree = "<group>"; };
		CC83AB2921A37A1800872352 /* ViewController.swift */ = {isa = PBXFileReference; lastKnownFileType = sourcecode.swift; path = ViewController.swift; sourceTree = "<group>"; };
		CC83AB2C21A37A1800872352 /* Base */ = {isa = PBXFileReference; lastKnownFileType = file.storyboard; name = Base; path = Base.lproj/Main.storyboard; sourceTree = "<group>"; };
		CC83AB3121A37A1900872352 /* Assets.xcassets */ = {isa = PBXFileReference; lastKnownFileType = folder.assetcatalog; path = Assets.xcassets; sourceTree = "<group>"; };
		CC83AB3421A37A1900872352 /* Base */ = {isa = PBXFileReference; lastKnownFileType = file.storyboard; name = Base; path = Base.lproj/LaunchScreen.storyboard; sourceTree = "<group>"; };
		CC83AB3621A37A1900872352 /* Info.plist */ = {isa = PBXFileReference; lastKnownFileType = text.plist.xml; path = Info.plist; sourceTree = "<group>"; };
		CC899ADC22191D17009FE03C /* Breadcrumb.swift */ = {isa = PBXFileReference; lastKnownFileType = sourcecode.swift; path = Breadcrumb.swift; sourceTree = "<group>"; };
		CC899ADF221928B0009FE03C /* BreadcrumbRenderer.swift */ = {isa = PBXFileReference; lastKnownFileType = sourcecode.swift; path = BreadcrumbRenderer.swift; sourceTree = "<group>"; };
/* End PBXFileReference section */

/* Begin PBXFrameworksBuildPhase section */
		CC83AB2121A37A1800872352 /* Frameworks */ = {
			isa = PBXFrameworksBuildPhase;
			buildActionMask = 2147483647;
			files = (
			);
			runOnlyForDeploymentPostprocessing = 0;
		};
/* End PBXFrameworksBuildPhase section */

/* Begin PBXGroup section */
		CC83AB1B21A37A1800872352 = {
			isa = PBXGroup;
			children = (
				CC83AB2621A37A1800872352 /* Markup-Maps */,
				CC83AB2521A37A1800872352 /* Products */,
			);
			sourceTree = "<group>";
		};
		CC83AB2521A37A1800872352 /* Products */ = {
			isa = PBXGroup;
			children = (
				CC83AB2421A37A1800872352 /* Markup-Maps.app */,
			);
			name = Products;
			sourceTree = "<group>";
		};
		CC83AB2621A37A1800872352 /* Markup-Maps */ = {
			isa = PBXGroup;
			children = (
				CC83AB2721A37A1800872352 /* AppDelegate.swift */,
				CC83AB2921A37A1800872352 /* ViewController.swift */,
				CC83AB2B21A37A1800872352 /* Main.storyboard */,
				CC83AB3121A37A1900872352 /* Assets.xcassets */,
				CC83AB3321A37A1900872352 /* LaunchScreen.storyboard */,
				CC83AB3621A37A1900872352 /* Info.plist */,
				CC899ADC22191D17009FE03C /* Breadcrumb.swift */,
				CC899ADF221928B0009FE03C /* BreadcrumbRenderer.swift */,
			);
			path = "Markup-Maps";
			sourceTree = "<group>";
		};
/* End PBXGroup section */

/* Begin PBXNativeTarget section */
		CC83AB2321A37A1800872352 /* Markup-Maps */ = {
			isa = PBXNativeTarget;
			buildConfigurationList = CC83AB3921A37A1900872352 /* Build configuration list for PBXNativeTarget "Markup-Maps" */;
			buildPhases = (
				CC83AB2021A37A1800872352 /* Sources */,
				CC83AB2121A37A1800872352 /* Frameworks */,
				CC83AB2221A37A1800872352 /* Resources */,
			);
			buildRules = (
			);
			dependencies = (
			);
			name = "Markup-Maps";
			productName = "Markup-Maps";
			productReference = CC83AB2421A37A1800872352 /* Markup-Maps.app */;
			productType = "com.apple.product-type.application";
		};
/* End PBXNativeTarget section */

/* Begin PBXProject section */
		CC83AB1C21A37A1800872352 /* Project object */ = {
			isa = PBXProject;
			attributes = {
				LastSwiftUpdateCheck = 1010;
				LastUpgradeCheck = 1010;
				ORGANIZATIONNAME = Aeta;
				TargetAttributes = {
					CC83AB2321A37A1800872352 = {
						CreatedOnToolsVersion = 10.1;
					};
				};
			};
			buildConfigurationList = CC83AB1F21A37A1800872352 /* Build configuration list for PBXProject "Markup-Maps" */;
			compatibilityVersion = "Xcode 9.3";
			developmentRegion = en;
			hasScannedForEncodings = 0;
			knownRegions = (
				en,
				Base,
			);
			mainGroup = CC83AB1B21A37A1800872352;
			productRefGroup = CC83AB2521A37A1800872352 /* Products */;
			projectDirPath = "";
			projectRoot = "";
			targets = (
				CC83AB2321A37A1800872352 /* Markup-Maps */,
			);
		};
/* End PBXProject section */

/* Begin PBXResourcesBuildPhase section */
		CC83AB2221A37A1800872352 /* Resources */ = {
			isa = PBXResourcesBuildPhase;
			buildActionMask = 2147483647;
			files = (
				CC83AB3521A37A1900872352 /* LaunchScreen.storyboard in Resources */,
				CC83AB3221A37A1900872352 /* Assets.xcassets in Resources */,
				CC83AB2D21A37A1800872352 /* Main.storyboard in Resources */,
			);
			runOnlyForDeploymentPostprocessing = 0;
		};
/* End PBXResourcesBuildPhase section */

/* Begin PBXSourcesBuildPhase section */
		CC83AB2021A37A1800872352 /* Sources */ = {
			isa = PBXSourcesBuildPhase;
			buildActionMask = 2147483647;
			files = (
				CC899AE0221928B0009FE03C /* BreadcrumbRenderer.swift in Sources */,
				CC83AB2A21A37A1800872352 /* ViewController.swift in Sources */,
				CC899ADD22191D17009FE03C /* Breadcrumb.swift in Sources */,
				CC83AB2821A37A1800872352 /* AppDelegate.swift in Sources */,
			);
			runOnlyForDeploymentPostprocessing = 0;
		};
/* End PBXSourcesBuildPhase section */

/* Begin PBXVariantGroup section */
		CC83AB2B21A37A1800872352 /* Main.storyboard */ = {
			isa = PBXVariantGroup;
			children = (
				CC83AB2C21A37A1800872352 /* Base */,
			);
			name = Main.storyboard;
			sourceTree = "<group>";
		};
		CC83AB3321A37A1900872352 /* LaunchScreen.storyboard */ = {
			isa = PBXVariantGroup;
			children = (
				CC83AB3421A37A1900872352 /* Base */,
			);
			name = LaunchScreen.storyboard;
			sourceTree = "<group>";
		};
/* End PBXVariantGroup section */

/* Begin XCBuildConfiguration section */
		CC83AB3721A37A1900872352 /* Debug */ = {
			isa = XCBuildConfiguration;
			buildSettings = {
				ALWAYS_SEARCH_USER_PATHS = NO;
				CLANG_ANALYZER_NONNULL = YES;
				CLANG_ANALYZER_NUMBER_OBJECT_CONVERSION = YES_AGGRESSIVE;
				CLANG_CXX_LANGUAGE_STANDARD = "gnu++14";
				CLANG_CXX_LIBRARY = "libc++";
				CLANG_ENABLE_MODULES = YES;
				CLANG_ENABLE_OBJC_ARC = YES;
				CLANG_ENABLE_OBJC_WEAK = YES;
				CLANG_WARN_BLOCK_CAPTURE_AUTORELEASING = YES;
				CLANG_WARN_BOOL_CONVERSION = YES;
				CLANG_WARN_COMMA = YES;
				CLANG_WARN_CONSTANT_CONVERSION = YES;
				CLANG_WARN_DEPRECATED_OBJC_IMPLEMENTATIONS = YES;
				CLANG_WARN_DIRECT_OBJC_ISA_USAGE = YES_ERROR;
				CLANG_WARN_DOCUMENTATION_COMMENTS = YES;
				CLANG_WARN_EMPTY_BODY = YES;
				CLANG_WARN_ENUM_CONVERSION = YES;
				CLANG_WARN_INFINITE_RECURSION = YES;
				CLANG_WARN_INT_CONVERSION = YES;
				CLANG_WARN_NON_LITERAL_NULL_CONVERSION = YES;
				CLANG_WARN_OBJC_IMPLICIT_RETAIN_SELF = YES;
				CLANG_WARN_OBJC_LITERAL_CONVERSION = YES;
				CLANG_WARN_OBJC_ROOT_CLASS = YES_ERROR;
				CLANG_WARN_RANGE_LOOP_ANALYSIS = YES;
				CLANG_WARN_STRICT_PROTOTYPES = YES;
				CLANG_WARN_SUSPICIOUS_MOVE = YES;
				CLANG_WARN_UNGUARDED_AVAILABILITY = YES_AGGRESSIVE;
				CLANG_WARN_UNREACHABLE_CODE = YES;
				CLANG_WARN__DUPLICATE_METHOD_MATCH = YES;
				CODE_SIGN_IDENTITY = "iPhone Developer";
				COPY_PHASE_STRIP = NO;
				DEBUG_INFORMATION_FORMAT = dwarf;
				ENABLE_STRICT_OBJC_MSGSEND = YES;
				ENABLE_TESTABILITY = YES;
				GCC_C_LANGUAGE_STANDARD = gnu11;
				GCC_DYNAMIC_NO_PIC = NO;
				GCC_NO_COMMON_BLOCKS = YES;
				GCC_OPTIMIZATION_LEVEL = 0;
				GCC_PREPROCESSOR_DEFINITIONS = (
					"DEBUG=1",
					"$(inherited)",
				);
				GCC_WARN_64_TO_32_BIT_CONVERSION = YES;
				GCC_WARN_ABOUT_RETURN_TYPE = YES_ERROR;
				GCC_WARN_UNDECLARED_SELECTOR = YES;
				GCC_WARN_UNINITIALIZED_AUTOS = YES_AGGRESSIVE;
				GCC_WARN_UNUSED_FUNCTION = YES;
				GCC_WARN_UNUSED_VARIABLE = YES;
				IPHONEOS_DEPLOYMENT_TARGET = 12.1;
				MTL_ENABLE_DEBUG_INFO = INCLUDE_SOURCE;
				MTL_FAST_MATH = YES;
				ONLY_ACTIVE_ARCH = YES;
				SDKROOT = iphoneos;
				SWIFT_ACTIVE_COMPILATION_CONDITIONS = DEBUG;
				SWIFT_OPTIMIZATION_LEVEL = "-Onone";
			};
			name = Debug;
		};
		CC83AB3821A37A1900872352 /* Release */ = {
			isa = XCBuildConfiguration;
			buildSettings = {
				ALWAYS_SEARCH_USER_PATHS = NO;
				CLANG_ANALYZER_NONNULL = YES;
				CLANG_ANALYZER_NUMBER_OBJECT_CONVERSION = YES_AGGRESSIVE;
				CLANG_CXX_LANGUAGE_STANDARD = "gnu++14";
				CLANG_CXX_LIBRARY = "libc++";
				CLANG_ENABLE_MODULES = YES;
				CLANG_ENABLE_OBJC_ARC = YES;
				CLANG_ENABLE_OBJC_WEAK = YES;
				CLANG_WARN_BLOCK_CAPTURE_AUTORELEASING = YES;
				CLANG_WARN_BOOL_CONVERSION = YES;
				CLANG_WARN_COMMA = YES;
				CLANG_WARN_CONSTANT_CONVERSION = YES;
				CLANG_WARN_DEPRECATED_OBJC_IMPLEMENTATIONS = YES;
				CLANG_WARN_DIRECT_OBJC_ISA_USAGE = YES_ERROR;
				CLANG_WARN_DOCUMENTATION_COMMENTS = YES;
				CLANG_WARN_EMPTY_BODY = YES;
				CLANG_WARN_ENUM_CONVERSION = YES;
				CLANG_WARN_INFINITE_RECURSION = YES;
				CLANG_WARN_INT_CONVERSION = YES;
				CLANG_WARN_NON_LITERAL_NULL_CONVERSION = YES;
				CLANG_WARN_OBJC_IMPLICIT_RETAIN_SELF = YES;
				CLANG_WARN_OBJC_LITERAL_CONVERSION = YES;
				CLANG_WARN_OBJC_ROOT_CLASS = YES_ERROR;
				CLANG_WARN_RANGE_LOOP_ANALYSIS = YES;
				CLANG_WARN_STRICT_PROTOTYPES = YES;
				CLANG_WARN_SUSPICIOUS_MOVE = YES;
				CLANG_WARN_UNGUARDED_AVAILABILITY = YES_AGGRESSIVE;
				CLANG_WARN_UNREACHABLE_CODE = YES;
				CLANG_WARN__DUPLICATE_METHOD_MATCH = YES;
				CODE_SIGN_IDENTITY = "iPhone Developer";
				COPY_PHASE_STRIP = NO;
				DEBUG_INFORMATION_FORMAT = "dwarf-with-dsym";
				ENABLE_NS_ASSERTIONS = NO;
				ENABLE_STRICT_OBJC_MSGSEND = YES;
				GCC_C_LANGUAGE_STANDARD = gnu11;
				GCC_NO_COMMON_BLOCKS = YES;
				GCC_WARN_64_TO_32_BIT_CONVERSION = YES;
				GCC_WARN_ABOUT_RETURN_TYPE = YES_ERROR;
				GCC_WARN_UNDECLARED_SELECTOR = YES;
				GCC_WARN_UNINITIALIZED_AUTOS = YES_AGGRESSIVE;
				GCC_WARN_UNUSED_FUNCTION = YES;
				GCC_WARN_UNUSED_VARIABLE = YES;
				IPHONEOS_DEPLOYMENT_TARGET = 12.1;
				MTL_ENABLE_DEBUG_INFO = NO;
				MTL_FAST_MATH = YES;
				SDKROOT = iphoneos;
				SWIFT_COMPILATION_MODE = wholemodule;
				SWIFT_OPTIMIZATION_LEVEL = "-O";
				VALIDATE_PRODUCT = YES;
			};
			name = Release;
		};
		CC83AB3A21A37A1900872352 /* Debug */ = {
			isa = XCBuildConfiguration;
			buildSettings = {
				ASSETCATALOG_COMPILER_APPICON_NAME = AppIcon;
				CODE_SIGN_STYLE = Automatic;
				DEVELOPMENT_TEAM = HKEK57AU3M;
				INFOPLIST_FILE = "Markup-Maps/Info.plist";
				LD_RUNPATH_SEARCH_PATHS = (
					"$(inherited)",
					"@executable_path/Frameworks",
				);
				PRODUCT_BUNDLE_IDENTIFIER = "aeta.Markup-Maps";
				PRODUCT_NAME = "$(TARGET_NAME)";
				SWIFT_VERSION = 4.2;
				TARGETED_DEVICE_FAMILY = "1,2";
			};
			name = Debug;
		};
		CC83AB3B21A37A1900872352 /* Release */ = {
			isa = XCBuildConfiguration;
			buildSettings = {
				ASSETCATALOG_COMPILER_APPICON_NAME = AppIcon;
				CODE_SIGN_STYLE = Automatic;
				DEVELOPMENT_TEAM = HKEK57AU3M;
				INFOPLIST_FILE = "Markup-Maps/Info.plist";
				LD_RUNPATH_SEARCH_PATHS = (
					"$(inherited)",
					"@executable_path/Frameworks",
				);
				PRODUCT_BUNDLE_IDENTIFIER = "aeta.Markup-Maps";
				PRODUCT_NAME = "$(TARGET_NAME)";
				SWIFT_VERSION = 4.2;
				TARGETED_DEVICE_FAMILY = "1,2";
			};
			name = Release;
		};
/* End XCBuildConfiguration section */

/* Begin XCConfigurationList section */
		CC83AB1F21A37A1800872352 /* Build configuration list for PBXProject "Markup-Maps" */ = {
			isa = XCConfigurationList;
			buildConfigurations = (
				CC83AB3721A37A1900872352 /* Debug */,
				CC83AB3821A37A1900872352 /* Release */,
			);
			defaultConfigurationIsVisible = 0;
			defaultConfigurationName = Release;
		};
		CC83AB3921A37A1900872352 /* Build configuration list for PBXNativeTarget "Markup-Maps" */ = {
			isa = XCConfigurationList;
			buildConfigurations = (
				CC83AB3A21A37A1900872352 /* Debug */,
				CC83AB3B21A37A1900872352 /* Release */,
			);
			defaultConfigurationIsVisible = 0;
			defaultConfigurationName = Release;
		};
/* End XCConfigurationList section */
	};
	rootObject = CC83AB1C21A37A1800872352 /* Project object */;
}
